
Microsoft Visual Studio Solution File, Format Version 12.00
# Visual Studio 15
VisualStudioVersion = 15.0.27130.0
MinimumVisualStudioVersion = 10.0.40219.1
Project("{2150E333-8FDC-42A3-9474-1A3956D46DE8}") = "Engine", "Engine", "{DB4BDA1A-1674-42DE-9149-651FFBF971E7}"
EndProject
Project("{2150E333-8FDC-42A3-9474-1A3956D46DE8}") = "Games", "Games", "{C5F27C56-F44B-478E-B249-EF13B70ECDC7}"
EndProject
Project("{8BC9CEB8-8B4A-11D0-8D11-00A0C91BC942}") = "UE4", "Intermediate\ProjectFiles\UE4.vcxproj", "{25D242DB-A643-445A-8155-8DF5C75D8363}"
EndProject
Project("{8BC9CEB8-8B4A-11D0-8D11-00A0C91BC942}") = "TAG", "Intermediate\ProjectFiles\TAG.vcxproj", "{93C94713-2B3F-40D4-ACC2-1F75A1CB2571}"
EndProject
Global
	GlobalSection(SolutionConfigurationPlatforms) = preSolution
		DebugGame Editor|HTML5 = DebugGame Editor|HTML5
		DebugGame Editor|Win32 = DebugGame Editor|Win32
		DebugGame Editor|Win64 = DebugGame Editor|Win64
		DebugGame|HTML5 = DebugGame|HTML5
		DebugGame|Win32 = DebugGame|Win32
		DebugGame|Win64 = DebugGame|Win64
		Development Editor|HTML5 = Development Editor|HTML5
		Development Editor|Win32 = Development Editor|Win32
		Development Editor|Win64 = Development Editor|Win64
		Development|HTML5 = Development|HTML5
		Development|Win32 = Development|Win32
		Development|Win64 = Development|Win64
		Shipping|HTML5 = Shipping|HTML5
		Shipping|Win32 = Shipping|Win32
		Shipping|Win64 = Shipping|Win64
	EndGlobalSection
	GlobalSection(ProjectConfigurationPlatforms) = postSolution
		{25D242DB-A643-445A-8155-8DF5C75D8363}.DebugGame Editor|HTML5.ActiveCfg = BuiltWithUnrealBuildTool|Win32
		{25D242DB-A643-445A-8155-8DF5C75D8363}.DebugGame Editor|HTML5.Build.0 = BuiltWithUnrealBuildTool|Win32
		{25D242DB-A643-445A-8155-8DF5C75D8363}.DebugGame Editor|Win32.ActiveCfg = BuiltWithUnrealBuildTool|Win32
		{25D242DB-A643-445A-8155-8DF5C75D8363}.DebugGame Editor|Win32.Build.0 = BuiltWithUnrealBuildTool|Win32
		{25D242DB-A643-445A-8155-8DF5C75D8363}.DebugGame Editor|Win64.ActiveCfg = BuiltWithUnrealBuildTool|Win32
		{25D242DB-A643-445A-8155-8DF5C75D8363}.DebugGame Editor|Win64.Build.0 = BuiltWithUnrealBuildTool|Win32
		{25D242DB-A643-445A-8155-8DF5C75D8363}.DebugGame|HTML5.ActiveCfg = BuiltWithUnrealBuildTool|Win32
		{25D242DB-A643-445A-8155-8DF5C75D8363}.DebugGame|HTML5.Build.0 = BuiltWithUnrealBuildTool|Win32
		{25D242DB-A643-445A-8155-8DF5C75D8363}.DebugGame|Win32.ActiveCfg = BuiltWithUnrealBuildTool|Win32
		{25D242DB-A643-445A-8155-8DF5C75D8363}.DebugGame|Win32.Build.0 = BuiltWithUnrealBuildTool|Win32
		{25D242DB-A643-445A-8155-8DF5C75D8363}.DebugGame|Win64.ActiveCfg = BuiltWithUnrealBuildTool|Win32
		{25D242DB-A643-445A-8155-8DF5C75D8363}.DebugGame|Win64.Build.0 = BuiltWithUnrealBuildTool|Win32
		{25D242DB-A643-445A-8155-8DF5C75D8363}.Development Editor|HTML5.ActiveCfg = BuiltWithUnrealBuildTool|Win32
		{25D242DB-A643-445A-8155-8DF5C75D8363}.Development Editor|HTML5.Build.0 = BuiltWithUnrealBuildTool|Win32
		{25D242DB-A643-445A-8155-8DF5C75D8363}.Development Editor|Win32.ActiveCfg = BuiltWithUnrealBuildTool|Win32
		{25D242DB-A643-445A-8155-8DF5C75D8363}.Development Editor|Win32.Build.0 = BuiltWithUnrealBuildTool|Win32
		{25D242DB-A643-445A-8155-8DF5C75D8363}.Development Editor|Win64.ActiveCfg = BuiltWithUnrealBuildTool|Win32
		{25D242DB-A643-445A-8155-8DF5C75D8363}.Development Editor|Win64.Build.0 = BuiltWithUnrealBuildTool|Win32
		{25D242DB-A643-445A-8155-8DF5C75D8363}.Development|HTML5.ActiveCfg = BuiltWithUnrealBuildTool|Win32
		{25D242DB-A643-445A-8155-8DF5C75D8363}.Development|HTML5.Build.0 = BuiltWithUnrealBuildTool|Win32
		{25D242DB-A643-445A-8155-8DF5C75D8363}.Development|Win32.ActiveCfg = BuiltWithUnrealBuildTool|Win32
		{25D242DB-A643-445A-8155-8DF5C75D8363}.Development|Win32.Build.0 = BuiltWithUnrealBuildTool|Win32
		{25D242DB-A643-445A-8155-8DF5C75D8363}.Development|Win64.ActiveCfg = BuiltWithUnrealBuildTool|Win32
		{25D242DB-A643-445A-8155-8DF5C75D8363}.Development|Win64.Build.0 = BuiltWithUnrealBuildTool|Win32
		{25D242DB-A643-445A-8155-8DF5C75D8363}.Shipping|HTML5.ActiveCfg = BuiltWithUnrealBuildTool|Win32
		{25D242DB-A643-445A-8155-8DF5C75D8363}.Shipping|HTML5.Build.0 = BuiltWithUnrealBuildTool|Win32
		{25D242DB-A643-445A-8155-8DF5C75D8363}.Shipping|Win32.ActiveCfg = BuiltWithUnrealBuildTool|Win32
		{25D242DB-A643-445A-8155-8DF5C75D8363}.Shipping|Win32.Build.0 = BuiltWithUnrealBuildTool|Win32
		{25D242DB-A643-445A-8155-8DF5C75D8363}.Shipping|Win64.ActiveCfg = BuiltWithUnrealBuildTool|Win32
		{25D242DB-A643-445A-8155-8DF5C75D8363}.Shipping|Win64.Build.0 = BuiltWithUnrealBuildTool|Win32
		{93C94713-2B3F-40D4-ACC2-1F75A1CB2571}.DebugGame Editor|HTML5.ActiveCfg = HTML5_DebugGame_Editor|Win32
		{93C94713-2B3F-40D4-ACC2-1F75A1CB2571}.DebugGame Editor|Win32.ActiveCfg = DebugGame_Editor|Win32
		{93C94713-2B3F-40D4-ACC2-1F75A1CB2571}.DebugGame Editor|Win64.ActiveCfg = DebugGame_Editor|x64
		{93C94713-2B3F-40D4-ACC2-1F75A1CB2571}.DebugGame Editor|Win64.Build.0 = DebugGame_Editor|x64
		{93C94713-2B3F-40D4-ACC2-1F75A1CB2571}.DebugGame|HTML5.ActiveCfg = HTML5_DebugGame_Game|Win32
		{93C94713-2B3F-40D4-ACC2-1F75A1CB2571}.DebugGame|HTML5.Build.0 = HTML5_DebugGame_Game|Win32
		{93C94713-2B3F-40D4-ACC2-1F75A1CB2571}.DebugGame|Win32.ActiveCfg = DebugGame_Game|Win32
		{93C94713-2B3F-40D4-ACC2-1F75A1CB2571}.DebugGame|Win32.Build.0 = DebugGame_Game|Win32
		{93C94713-2B3F-40D4-ACC2-1F75A1CB2571}.DebugGame|Win64.ActiveCfg = DebugGame_Game|x64
		{93C94713-2B3F-40D4-ACC2-1F75A1CB2571}.DebugGame|Win64.Build.0 = DebugGame_Game|x64
		{93C94713-2B3F-40D4-ACC2-1F75A1CB2571}.Development Editor|HTML5.ActiveCfg = HTML5_Development_Editor|Win32
		{93C94713-2B3F-40D4-ACC2-1F75A1CB2571}.Development Editor|Win32.ActiveCfg = Development_Editor|Win32
		{93C94713-2B3F-40D4-ACC2-1F75A1CB2571}.Development Editor|Win64.ActiveCfg = Development_Editor|x64
		{93C94713-2B3F-40D4-ACC2-1F75A1CB2571}.Development Editor|Win64.Build.0 = Development_Editor|x64
		{93C94713-2B3F-40D4-ACC2-1F75A1CB2571}.Development|HTML5.ActiveCfg = HTML5_Development_Game|Win32
		{93C94713-2B3F-40D4-ACC2-1F75A1CB2571}.Development|HTML5.Build.0 = HTML5_Development_Game|Win32
		{93C94713-2B3F-40D4-ACC2-1F75A1CB2571}.Development|Win32.ActiveCfg = Development_Game|Win32
		{93C94713-2B3F-40D4-ACC2-1F75A1CB2571}.Development|Win32.Build.0 = Development_Game|Win32
		{93C94713-2B3F-40D4-ACC2-1F75A1CB2571}.Development|Win64.ActiveCfg = Development_Game|x64
		{93C94713-2B3F-40D4-ACC2-1F75A1CB2571}.Development|Win64.Build.0 = Development_Game|x64
		{93C94713-2B3F-40D4-ACC2-1F75A1CB2571}.Shipping|HTML5.ActiveCfg = HTML5_Shipping_Game|Win32
		{93C94713-2B3F-40D4-ACC2-1F75A1CB2571}.Shipping|HTML5.Build.0 = HTML5_Shipping_Game|Win32
		{93C94713-2B3F-40D4-ACC2-1F75A1CB2571}.Shipping|Win32.ActiveCfg = Shipping_Game|Win32
		{93C94713-2B3F-40D4-ACC2-1F75A1CB2571}.Shipping|Win32.Build.0 = Shipping_Game|Win32
		{93C94713-2B3F-40D4-ACC2-1F75A1CB2571}.Shipping|Win64.ActiveCfg = Shipping_Game|x64
		{93C94713-2B3F-40D4-ACC2-1F75A1CB2571}.Shipping|Win64.Build.0 = Shipping_Game|x64
	EndGlobalSection
	GlobalSection(SolutionProperties) = preSolution
		HideSolutionNode = FALSE
	EndGlobalSection
	GlobalSection(NestedProjects) = preSolution
		{25D242DB-A643-445A-8155-8DF5C75D8363} = {DB4BDA1A-1674-42DE-9149-651FFBF971E7}
		{93C94713-2B3F-40D4-ACC2-1F75A1CB2571} = {C5F27C56-F44B-478E-B249-EF13B70ECDC7}
	EndGlobalSection
	GlobalSection(ExtensibilityGlobals) = postSolution
		SolutionGuid = {993BB84B-FA81-4E43-9CFD-09A70B5E664B}
	EndGlobalSection
EndGlobal
